
Microsoft Visual Studio Solution File, Format Version 12.00
# Visual Studio 14
VisualStudioVersion = 14.0.25123.0
MinimumVisualStudioVersion = 10.0.40219.1
Project("{FAE04EC0-301F-11D3-BF4B-00C04F79EFBC}") = "SERVER", "SERVER\SERVER.csproj", "{A6048C14-8185-4142-AF99-A8D727496731}"
EndProject
Global
	GlobalSection(SolutionConfigurationPlatforms) = preSolution
		Debug|Any CPU = Debug|Any CPU
		Debug|x86 = Debug|x86
		Release|Any CPU = Release|Any CPU
		Release|x86 = Release|x86
	EndGlobalSection
	GlobalSection(ProjectConfigurationPlatforms) = postSolution
		{A6048C14-8185-4142-AF99-A8D727496731}.Debug|Any CPU.ActiveCfg = Debug|x86
		{A6048C14-8185-4142-AF99-A8D727496731}.Debug|x86.ActiveCfg = Debug|x86
		{A6048C14-8185-4142-AF99-A8D727496731}.Debug|x86.Build.0 = Debug|x86
		{A6048C14-8185-4142-AF99-A8D727496731}.Release|Any CPU.ActiveCfg = Release|x86
		{A6048C14-8185-4142-AF99-A8D727496731}.Release|x86.ActiveCfg = Release|x86
		{A6048C14-8185-4142-AF99-A8D727496731}.Release|x86.Build.0 = Release|x86
	EndGlobalSection
	GlobalSection(SolutionProperties) = preSolution
		HideSolutionNode = FALSE
	EndGlobalSection
	GlobalSection(MonoDevelopProperties) = preSolution
		Policies = $0
		$0.NameConventionPolicy = $1
		$1.Rules = $2
		$2.NamingRule = $27
		$3.Name = Namespaces
		$3.AffectedEntity = Namespace
		$3.VisibilityMask = VisibilityMask
		$3.NamingStyle = PascalCase
		$3.IncludeInstanceMembers = True
		$3.IncludeStaticEntities = True
		$4.Name = Types
		$4.AffectedEntity = Class, Struct, Enum, Delegate
		$4.VisibilityMask = VisibilityMask
		$4.NamingStyle = PascalCase
		$4.IncludeInstanceMembers = True
		$4.IncludeStaticEntities = True
		$5.Name = Interfaces
		$5.RequiredPrefixes = $6
		$6.String = I
		$5.AffectedEntity = Interface
		$5.VisibilityMask = VisibilityMask
		$5.NamingStyle = PascalCase
		$5.IncludeInstanceMembers = True
		$5.IncludeStaticEntities = True
		$7.Name = Attributes
		$7.RequiredSuffixes = $8
		$8.String = Attribute
		$7.AffectedEntity = CustomAttributes
		$7.VisibilityMask = VisibilityMask
		$7.NamingStyle = PascalCase
		$7.IncludeInstanceMembers = True
		$7.IncludeStaticEntities = True
		$9.Name = Event Arguments
		$9.RequiredSuffixes = $10
		$10.String = EventArgs
		$9.AffectedEntity = CustomEventArgs
		$9.VisibilityMask = VisibilityMask
		$9.NamingStyle = PascalCase
		$9.IncludeInstanceMembers = True
		$9.IncludeStaticEntities = True
		$11.Name = Exceptions
		$11.RequiredSuffixes = $12
		$12.String = Exception
		$11.AffectedEntity = CustomExceptions
		$11.VisibilityMask = VisibilityMask
		$11.NamingStyle = PascalCase
		$11.IncludeInstanceMembers = True
		$11.IncludeStaticEntities = True
		$13.Name = Methods
		$13.AffectedEntity = Methods
		$13.VisibilityMask = VisibilityMask
		$13.NamingStyle = PascalCase
		$13.IncludeInstanceMembers = True
		$13.IncludeStaticEntities = True
		$14.Name = Static Readonly Fields
		$14.AffectedEntity = ReadonlyField
		$14.VisibilityMask = Internal, Protected, Public
		$14.NamingStyle = PascalCase
		$14.IncludeInstanceMembers = False
		$14.IncludeStaticEntities = True
		$15.Name = Fields (Non Private)
		$15.AffectedEntity = Field
		$15.VisibilityMask = Internal, Protected, Public
		$15.NamingStyle = PascalCase
		$15.IncludeInstanceMembers = True
		$15.IncludeStaticEntities = True
		$16.Name = ReadOnly Fields (Non Private)
		$16.AffectedEntity = ReadonlyField
		$16.VisibilityMask = Internal, Protected, Public
		$16.NamingStyle = PascalCase
		$16.IncludeInstanceMembers = True
		$16.IncludeStaticEntities = False
		$17.Name = Fields (Private)
		$17.AllowedPrefixes = $18
		$18.String = m_
		$17.AffectedEntity = Field, ReadonlyField
		$17.VisibilityMask = Private
		$17.NamingStyle = CamelCase
		$17.IncludeInstanceMembers = True
		$17.IncludeStaticEntities = False
		$19.Name = Static Fields (Private)
		$19.AffectedEntity = Field
		$19.VisibilityMask = Private
		$19.NamingStyle = CamelCase
		$19.IncludeInstanceMembers = False
		$19.IncludeStaticEntities = True
		$20.Name = ReadOnly Fields (Private)
		$20.AllowedPrefixes = $21
		$21.String = m_
		$20.AffectedEntity = ReadonlyField
		$20.VisibilityMask = Private
		$20.NamingStyle = CamelCase
		$20.IncludeInstanceMembers = True
		$20.IncludeStaticEntities = False
		$22.Name = Constant Fields
		$22.AffectedEntity = ConstantField
		$22.VisibilityMask = VisibilityMask
		$22.NamingStyle = PascalCase
		$22.IncludeInstanceMembers = True
		$22.IncludeStaticEntities = True
		$23.Name = Properties
		$23.AffectedEntity = Property
		$23.VisibilityMask = VisibilityMask
		$23.NamingStyle = PascalCase
		$23.IncludeInstanceMembers = True
		$23.IncludeStaticEntities = True
		$24.Name = Events
		$24.AffectedEntity = Event
		$24.VisibilityMask = VisibilityMask
		$24.NamingStyle = PascalCase
		$24.IncludeInstanceMembers = True
		$24.IncludeStaticEntities = True
		$25.Name = Enum Members
		$25.AffectedEntity = EnumMember
		$25.VisibilityMask = VisibilityMask
		$25.NamingStyle = PascalCase
		$25.IncludeInstanceMembers = True
		$25.IncludeStaticEntities = True
		$26.Name = Parameters
		$26.AffectedEntity = Parameter
		$26.VisibilityMask = VisibilityMask
		$26.NamingStyle = CamelCase
		$26.IncludeInstanceMembers = True
		$26.IncludeStaticEntities = True
		$27.Name = Type Parameters
		$27.RequiredPrefixes = $28
		$28.String = T
		$27.AffectedEntity = TypeParameter
		$27.VisibilityMask = VisibilityMask
		$27.NamingStyle = PascalCase
		$27.IncludeInstanceMembers = True
		$27.IncludeStaticEntities = True
		$0.DotNetNamingPolicy = $29
		$29.DirectoryNamespaceAssociation = None
		$29.ResourceNamePolicy = FileFormatDefault
		$0.TextStylePolicy = $30
		$30.inheritsSet = VisualStudio
		$30.inheritsScope = text/plain
		$30.scope = text/x-csharp
		$0.CSharpFormattingPolicy = $31
		$31.IndentSwitchBody = True
		$31.IndentBlocksInsideExpressions = True
		$31.AnonymousMethodBraceStyle = NextLine
		$31.PropertyBraceStyle = NextLine
		$31.PropertyGetBraceStyle = NextLine
		$31.PropertySetBraceStyle = NextLine
		$31.EventBraceStyle = NextLine
		$31.EventAddBraceStyle = NextLine
		$31.EventRemoveBraceStyle = NextLine
		$31.StatementBraceStyle = NextLine
		$31.ElseNewLinePlacement = NewLine
		$31.CatchNewLinePlacement = NewLine
		$31.FinallyNewLinePlacement = NewLine
		$31.WhileNewLinePlacement = DoNotCare
		$31.ArrayInitializerWrapping = DoNotChange
		$31.ArrayInitializerBraceStyle = NextLine
		$31.BeforeMethodDeclarationParentheses = False
		$31.BeforeMethodCallParentheses = False
		$31.BeforeConstructorDeclarationParentheses = False
		$31.NewLineBeforeConstructorInitializerColon = NewLine
		$31.NewLineAfterConstructorInitializerColon = SameLine
		$31.BeforeDelegateDeclarationParentheses = False
		$31.NewParentheses = False
		$31.SpacesBeforeBrackets = False
		$31.inheritsSet = Mono
		$31.inheritsScope = text/x-csharp
		$31.scope = text/x-csharp
		description = Jeux MMORPG
	EndGlobalSection
EndGlobal
